Microsoft Visual Studio Solution File, Format Version 12.00
# Visual Studio Version 17
VisualStudioVersion = 17.8.34330.188
MinimumVisualStudioVersion = 10.0.40219.1
Project("{9A19103F-16F7-4668-BE54-9A1E7A4F7556}") = "Evergine.MRTK.Demo.Quest", "Evergine.MRTK.Demo.Quest\Evergine.MRTK.Demo.Quest.csproj", "{73EB9523-F1B3-408B-9B73-B8CA9E74971F}"
EndProject
Project("{9A19103F-16F7-4668-BE54-9A1E7A4F7556}") = "Evergine.MRTK.Demo", "Evergine.MRTK.Demo\Evergine.MRTK.Demo.csproj", "{3105F9FF-6D37-45BE-95C0-63EA56EF924A}"
EndProject
Project("{9A19103F-16F7-4668-BE54-9A1E7A4F7556}") = "Evergine.MRTK", "..\..\Source\Evergine.MRTK\Evergine.MRTK.csproj", "{FFEF65F9-3329-4C03-870B-7B3809606949}"
EndProject
Global
	GlobalSection(SolutionConfigurationPlatforms) = preSolution
		Debug|Any CPU = Debug|Any CPU
		Release|Any CPU = Release|Any CPU
	EndGlobalSection
	GlobalSection(ProjectConfigurationPlatforms) = postSolution
		{73EB9523-F1B3-408B-9B73-B8CA9E74971F}.Debug|Any CPU.ActiveCfg = Debug|Any CPU
		{73EB9523-F1B3-408B-9B73-B8CA9E74971F}.Debug|Any CPU.Build.0 = Debug|Any CPU
		{73EB9523-F1B3-408B-9B73-B8CA9E74971F}.Debug|Any CPU.Deploy.0 = Debug|Any CPU
		{73EB9523-F1B3-408B-9B73-B8CA9E74971F}.Release|Any CPU.ActiveCfg = Release|Any CPU
		{73EB9523-F1B3-408B-9B73-B8CA9E74971F}.Release|Any CPU.Build.0 = Release|Any CPU
		{73EB9523-F1B3-408B-9B73-B8CA9E74971F}.Release|Any CPU.Deploy.0 = Release|Any CPU
		{3105F9FF-6D37-45BE-95C0-63EA56EF924A}.Debug|Any CPU.ActiveCfg = Debug|Any CPU
		{3105F9FF-6D37-45BE-95C0-63EA56EF924A}.Debug|Any CPU.Build.0 = Debug|Any CPU
		{3105F9FF-6D37-45BE-95C0-63EA56EF924A}.Release|Any CPU.ActiveCfg = Release|Any CPU
		{3105F9FF-6D37-45BE-95C0-63EA56EF924A}.Release|Any CPU.Build.0 = Release|Any CPU
		{FFEF65F9-3329-4C03-870B-7B3809606949}.Debug|Any CPU.ActiveCfg = Debug|Any CPU
		{FFEF65F9-3329-4C03-870B-7B3809606949}.Debug|Any CPU.Build.0 = Debug|Any CPU
		{FFEF65F9-3329-4C03-870B-7B3809606949}.Release|Any CPU.ActiveCfg = Release|Any CPU
		{FFEF65F9-3329-4C03-870B-7B3809606949}.Release|Any CPU.Build.0 = Release|Any CPU
	EndGlobalSection
	GlobalSection(SolutionProperties) = preSolution
		HideSolutionNode = FALSE
	EndGlobalSection
	GlobalSection(ExtensibilityGlobals) = postSolution
		SolutionGuid = {10225C5D-2687-4BC0-8CDD-79298DBC56BB}
	EndGlobalSection
EndGlobal
